<?xml version="1.0" encoding="utf-8"?>
<Project ToolsVersion="4.0" xmlns="http://schemas.microsoft.com/developer/msbuild/2003">
  <ItemGroup>
    <Filter Include="Resource Files">
      <UniqueIdentifier>{67DA6AB6-F800-4c08-8B7A-83BB121AAD01}</UniqueIdentifier>
      <Extensions>rc;ico;cur;bmp;dlg;rc2;rct;bin;rgs;gif;jpg;jpeg;jpe;resx;tiff;tif;png;wav;mfcribbon-ms</Extensions>
    </Filter>
    <Filter Include="sdk">
      <UniqueIdentifier>{6c629b28-ef59-4a17-ac6b-fb66833943a1}</UniqueIdentifier>
    </Filter>
    <Filter Include="sdk\memory">
      <UniqueIdentifier>{a8b93619-31be-4231-8821-9d90c5f2e7b0}</UniqueIdentifier>
    </Filter>
    <Filter Include="sdk\entities">
      <UniqueIdentifier>{0fac31ca-e998-4777-9628-0b1a000b1d5e}</UniqueIdentifier>
    </Filter>
    <Filter Include="sdk\csgo">
      <UniqueIdentifier>{a4769a70-c8af-4843-92cb-b5da5a5aad74}</UniqueIdentifier>
    </Filter>
    <Filter Include="sdk\csgo\client">
      <UniqueIdentifier>{31fa604e-a24c-40b3-8943-e6508690aec6}</UniqueIdentifier>
    </Filter>
    <Filter Include="sdk\offsets">
      <UniqueIdentifier>{e569b6f1-2469-4d17-86dc-0f8779f84702}</UniqueIdentifier>
    </Filter>
    <Filter Include="sdk\entities\player">
      <UniqueIdentifier>{b466fc5d-9c07-407b-9f7b-3baf302f2648}</UniqueIdentifier>
    </Filter>
    <Filter Include="cheats">
      <UniqueIdentifier>{c72133e2-f58e-47b0-b0b9-d6bec3360199}</UniqueIdentifier>
    </Filter>
    <Filter Include="cheats\triggerbot">
      <UniqueIdentifier>{c1c77a85-99dc-48ce-b4be-35aff4270727}</UniqueIdentifier>
    </Filter>
    <Filter Include="cheats\radarhack">
      <UniqueIdentifier>{b50f0d45-d377-4b76-9692-6f8c5b87a5ab}</UniqueIdentifier>
    </Filter>
    <Filter Include="sdk\entities\weapon">
      <UniqueIdentifier>{80b878d3-48bc-48be-b2d4-9ca17f258739}</UniqueIdentifier>
    </Filter>
    <Filter Include="cheats\fovchanger">
      <UniqueIdentifier>{854c5741-0ab9-45ad-9277-8c2bebb3f1c6}</UniqueIdentifier>
    </Filter>
    <Filter Include="cheats\autopistol">
      <UniqueIdentifier>{c8ddf165-1728-48fa-962d-1f178922668b}</UniqueIdentifier>
    </Filter>
    <Filter Include="json">
      <UniqueIdentifier>{eb3504f3-b9db-4c02-bad5-9c9ecf77e8db}</UniqueIdentifier>
    </Filter>
    <Filter Include="sdk\config">
      <UniqueIdentifier>{28a1b99c-7fdc-4708-8b24-acec5dab6140}</UniqueIdentifier>
    </Filter>
  </ItemGroup>
  <ItemGroup>
    <ClInclude Include="sdk\sdk.hpp">
      <Filter>sdk</Filter>
    </ClInclude>
    <ClInclude Include="sdk\memory\memory.hpp">
      <Filter>sdk\memory</Filter>
    </ClInclude>
    <ClInclude Include="sdk\csgo\client\client.hpp">
      <Filter>sdk\csgo\client</Filter>
    </ClInclude>
    <ClInclude Include="sdk\offsets\offsets.hpp">
      <Filter>sdk\offsets</Filter>
    </ClInclude>
    <ClInclude Include="sdk\entities\player\player.hpp">
      <Filter>sdk\entities\player</Filter>
    </ClInclude>
    <ClInclude Include="cheats\triggerbot\triggerbot.hpp">
      <Filter>cheats\triggerbot</Filter>
    </ClInclude>
    <ClInclude Include="cheats\radarhack\radarhack.hpp">
      <Filter>cheats\radarhack</Filter>
    </ClInclude>
    <ClInclude Include="sdk\entities\weapon\weapon.hpp">
      <Filter>sdk\entities\weapon</Filter>
    </ClInclude>
    <ClInclude Include="cheats\fovchanger\fovchanger.hpp">
      <Filter>cheats\fovchanger</Filter>
    </ClInclude>
    <ClInclude Include="cheats\autopistol\autopistol.hpp">
      <Filter>cheats\autopistol</Filter>
    </ClInclude>
    <ClInclude Include="json\json-forwards.hpp">
      <Filter>json</Filter>
    </ClInclude>
    <ClInclude Include="json\json.hpp">
      <Filter>json</Filter>
    </ClInclude>
    <ClInclude Include="sdk\config\config.hpp">
      <Filter>sdk\config</Filter>
    </ClInclude>
  </ItemGroup>
  <ItemGroup>
    <ClCompile Include="main.cpp" />
    <ClCompile Include="sdk\memory\memory.cpp">
      <Filter>sdk\memory</Filter>
    </ClCompile>
    <ClCompile Include="sdk\csgo\client\client.cpp">
      <Filter>sdk\csgo\client</Filter>
    </ClCompile>
    <ClCompile Include="sdk\entities\player\player.cpp">
      <Filter>sdk\entities\player</Filter>
    </ClCompile>
    <ClCompile Include="cheats\triggerbot\triggerbot.cpp">
      <Filter>cheats\triggerbot</Filter>
    </ClCompile>
    <ClCompile Include="cheats\radarhack\radarhack.cpp">
      <Filter>cheats\radarhack</Filter>
    </ClCompile>
    <ClCompile Include="sdk\entities\weapon\weapon.cpp">
      <Filter>sdk\entities\weapon</Filter>
    </ClCompile>
    <ClCompile Include="cheats\fovchanger\fovchanger.cpp">
      <Filter>cheats\fovchanger</Filter>
    </ClCompile>
    <ClCompile Include="cheats\autopistol\autopistol.cpp">
      <Filter>cheats\autopistol</Filter>
    </ClCompile>
    <ClCompile Include="json\jsoncpp.cpp">
      <Filter>json</Filter>
    </ClCompile>
    <ClCompile Include="sdk\config\config.cpp">
      <Filter>sdk\config</Filter>
    </ClCompile>
  </ItemGroup>
</Project>